lockfileVersion: '9.0'

settings:
  autoInstallPeers: true
  excludeLinksFromLockfile: false

importers:

  .:
    dependencies:
      cloudflared:
        specifier: ^0.7.1
        version: 0.7.1

packages:

  cloudflared@0.7.1:
    resolution: {integrity: sha512-jJn1Gu9Tf4qnIu8tfiHZ25Hs8rNcRYSVf8zAd97wvYdOCzftm1CTs1S/RPhijjGi8gUT1p9yzfDi9zYlU/0RwA==}
    hasBin: true

snapshots:

  cloudflared@0.7.1: {}
